# THIS IS AN AUTOGENERATED FILE. DO NOT EDIT THIS FILE DIRECTLY.
# yarn lockfile v1


"@fortawesome/fontawesome-common-types@^0.2.29":
  version "0.2.29"
  resolved "https://registry.yarnpkg.com/@fortawesome/fontawesome-common-types/-/fontawesome-common-types-0.2.29.tgz#e1a456b643237462d390304cab6975ff3fd68397"
  integrity sha512-cY+QfDTbZ7XVxzx7jxbC98Oxr/zc7R2QpTLqTxqlfyXDrAJjzi/xUIqAUsygELB62JIrbsWxtSRhayKFkGI7MA==

"@fortawesome/fontawesome-svg-core@^1.2.29":
  version "1.2.29"
  resolved "https://registry.yarnpkg.com/@fortawesome/fontawesome-svg-core/-/fontawesome-svg-core-1.2.29.tgz#34ef32824664534f9e4ef37982ebf286b899a189"
  integrity sha512-xmPmP2t8qrdo8RyKihTkGb09RnZoc+7HFBCnr0/6ZhStdGDSLeEd7ajV181+2W29NWIFfylO13rU+s3fpy3cnA==
  dependencies:
    "@fortawesome/fontawesome-common-types" "^0.2.29"

"@fortawesome/free-solid-svg-icons@^5.13.1":
  version "5.13.1"
  resolved "https://registry.yarnpkg.com/@fortawesome/free-solid-svg-icons/-/free-solid-svg-icons-5.13.1.tgz#010a846b718a0f110b3cd137d072639b4e8bd41a"
  integrity sha512-LQH/0L1p4+rqtoSHa9qFYR84hpuRZKqaQ41cfBQx8b68p21zoWSekTAeA54I/2x9VlCHDLFlG74Nmdg4iTPQOg==
  dependencies:
    "@fortawesome/fontawesome-common-types" "^0.2.29"

"@fortawesome/react-fontawesome@^0.1.11":
  version "0.1.11"
  resolved "https://registry.yarnpkg.com/@fortawesome/react-fontawesome/-/react-fontawesome-0.1.11.tgz#c1a95a2bdb6a18fa97b355a563832e248bf6ef4a"
  integrity sha512-sClfojasRifQKI0OPqTy8Ln8iIhnxR/Pv/hukBhWnBz9kQRmqi6JSH3nghlhAY7SUeIIM7B5/D2G8WjX0iepVg==
  dependencies:
    prop-types "^15.7.2"

"js-tokens@^3.0.0 || ^4.0.0":
  version "4.0.0"
  resolved "https://registry.yarnpkg.com/js-tokens/-/js-tokens-4.0.0.tgz#19203fb59991df98e3a287050d4647cdeaf32499"
  integrity sha512-RdJUflcE3cUzKiMqQgsCu06FPu9UdIJO0beYbPhHN4k6apgJtifcoCtT9bcxOpYBtpD2kCM6Sbzg4CausW/PKQ==

loose-envify@^1.4.0:
  version "1.4.0"
  resolved "https://registry.yarnpkg.com/loose-envify/-/loose-envify-1.4.0.tgz#71ee51fa7be4caec1a63839f7e682d8132d30caf"
  integrity sha512-lyuxPGr/Wfhrlem2CL/UcnUc1zcqKAImBDzukY7Y5F/yQiNdko6+fRLevlw1HgMySw7f611UIY408EtxRSoK3Q==
  dependencies:
    js-tokens "^3.0.0 || ^4.0.0"

object-assign@^4.1.1:
  version "4.1.1"
  resolved "https://registry.yarnpkg.com/object-assign/-/object-assign-4.1.1.tgz#2109adc7965887cfc05cbbd442cac8bfbb360863"
  integrity sha1-IQmtx5ZYh8/AXLvUQsrIv7s2CGM=

prop-types@^15.7.2:
  version "15.7.2"
  resolved "https://registry.yarnpkg.com/prop-types/-/prop-types-15.7.2.tgz#52c41e75b8c87e72b9d9360e0206b99dcbffa6c5"
  integrity sha512-8QQikdH7//R2vurIJSutZ1smHYTcLpRWEOlHnzcWHmBYrOGUysKwSsrC89BCiFj3CbrfJ/nXFdJepOVrY1GCHQ==
  dependencies:
    loose-envify "^1.4.0"
    object-assign "^4.1.1"
    react-is "^16.8.1"

react-is@^16.8.1:
  version "16.13.1"
  resolved "https://registry.yarnpkg.com/react-is/-/react-is-16.13.1.tgz#789729a4dc36de2999dc156dd6c1d9c18cea56a4"
  integrity sha512-24e6ynE2H+OKt4kqsOvNd8kBpV65zoxbA4BVsEOB3ARVWQki/DHzaUoC5KuON/BiccDaCCTZBuOcfZs70kR8bQ==
